{
  "name": "shouldyousurf-accuracy",
  "version": "0.1.0",
  "lockfileVersion": 3,
  "requires": true,
  "packages": {
    "": {
      "name": "shouldyousurf-accuracy",
      "version": "0.1.0",
      "dependencies": {
        "@geo-maps/earth-lands-10m": "0.6.0",
        "hyparquet": "^1.31.1"
      }
    },
    "node_modules/@geo-maps/earth-lands-10m": {
      "version": "0.6.0",
      "resolved": "https://registry.npmjs.org/@geo-maps/earth-lands-10m/-/earth-lands-10m-0.6.0.tgz",
      "integrity": "sha512-4fSz++s97gTpCyI8aEwVb/zsyzF04+TIqpr5B5IK1vrhnPijeLdOig8h80hLl/bPTQUbpNBnTZnSbiNIhlW6Yw==",
      "license": "MIT"
    },
    "node_modules/hyparquet": {
      "version": "1.31.1",
      "resolved": "https://registry.npmjs.org/hyparquet/-/hyparquet-1.31.1.tgz",
      "integrity": "sha512-tF9580Xb+41+Eb+mH0av1k7m1PWl+PSKrX66Yd7UOZ760cwEXP9/enwHRMSCeVncaubRI8XPb3v580/ujYKK5w==",
      "license": "MIT"
    }
  }
}
